
Microsoft Visual Studio Solution File, Format Version 12.00
# Visual Studio 2013
VisualStudioVersion = 12.0.21005.1
MinimumVisualStudioVersion = 10.0.40219.1
Project("{FAE04EC0-301F-11D3-BF4B-00C04F79EFBC}") = "Formulario Validado", "Formulario Validado\Formulario Validado.csproj", "{556B8FD0-F74C-4523-8158-B2FB7EC371E5}"
EndProject
Project("{FAE04EC0-301F-11D3-BF4B-00C04F79EFBC}") = "Prueba", "Prueba\Prueba.csproj", "{2A8150BC-B27E-47AA-861C-F38BC0C319A4}"
EndProject
Global
	GlobalSection(SolutionConfigurationPlatforms) = preSolution
		Debug|Any CPU = Debug|Any CPU
		Release|Any CPU = Release|Any CPU
	EndGlobalSection
	GlobalSection(ProjectConfigurationPlatforms) = postSolution
		{556B8FD0-F74C-4523-8158-B2FB7EC371E5}.Debug|Any CPU.ActiveCfg = Debug|Any CPU
		{556B8FD0-F74C-4523-8158-B2FB7EC371E5}.Debug|Any CPU.Build.0 = Debug|Any CPU
		{556B8FD0-F74C-4523-8158-B2FB7EC371E5}.Release|Any CPU.ActiveCfg = Release|Any CPU
		{556B8FD0-F74C-4523-8158-B2FB7EC371E5}.Release|Any CPU.Build.0 = Release|Any CPU
		{2A8150BC-B27E-47AA-861C-F38BC0C319A4}.Debug|Any CPU.ActiveCfg = Debug|Any CPU
		{2A8150BC-B27E-47AA-861C-F38BC0C319A4}.Debug|Any CPU.Build.0 = Debug|Any CPU
		{2A8150BC-B27E-47AA-861C-F38BC0C319A4}.Release|Any CPU.ActiveCfg = Release|Any CPU
		{2A8150BC-B27E-47AA-861C-F38BC0C319A4}.Release|Any CPU.Build.0 = Release|Any CPU
	EndGlobalSection
	GlobalSection(SolutionProperties) = preSolution
		HideSolutionNode = FALSE
	EndGlobalSection
EndGlobal
