
Microsoft Visual Studio Solution File, Format Version 12.00
# Visual Studio 2013
VisualStudioVersion = 12.0.21005.1
MinimumVisualStudioVersion = 10.0.40219.1
Project("{FAE04EC0-301F-11D3-BF4B-00C04F79EFBC}") = "repaso pregunta 1", "repaso pregunta 1\repaso pregunta 1.csproj", "{BD3FCE16-8EB6-42C4-8CDB-5D14A8C6E742}"
EndProject
Global
	GlobalSection(SolutionConfigurationPlatforms) = preSolution
		Debug|Any CPU = Debug|Any CPU
		Release|Any CPU = Release|Any CPU
	EndGlobalSection
	GlobalSection(ProjectConfigurationPlatforms) = postSolution
		{BD3FCE16-8EB6-42C4-8CDB-5D14A8C6E742}.Debug|Any CPU.ActiveCfg = Debug|Any CPU
		{BD3FCE16-8EB6-42C4-8CDB-5D14A8C6E742}.Debug|Any CPU.Build.0 = Debug|Any CPU
		{BD3FCE16-8EB6-42C4-8CDB-5D14A8C6E742}.Release|Any CPU.ActiveCfg = Release|Any CPU
		{BD3FCE16-8EB6-42C4-8CDB-5D14A8C6E742}.Release|Any CPU.Build.0 = Release|Any CPU
	EndGlobalSection
	GlobalSection(SolutionProperties) = preSolution
		HideSolutionNode = FALSE
	EndGlobalSection
EndGlobal
