
Microsoft Visual Studio Solution File, Format Version 12.00
# Visual Studio 2013
VisualStudioVersion = 12.0.21005.1
MinimumVisualStudioVersion = 10.0.40219.1
Project("{FAE04EC0-301F-11D3-BF4B-00C04F79EFBC}") = "OJALA", "OJALA\OJALA.csproj", "{EFE2C80A-717E-4466-907E-6B68D56EAB13}"
EndProject
Project("{FAE04EC0-301F-11D3-BF4B-00C04F79EFBC}") = "CapaAccesoDatos", "CapaAccesoDatos\CapaAccesoDatos.csproj", "{7DFCCB8D-142B-41E7-BF96-B6CB8791551C}"
EndProject
Project("{FAE04EC0-301F-11D3-BF4B-00C04F79EFBC}") = "CapaEntidades", "CapaEntidades\CapaEntidades.csproj", "{45DB59B9-6FC1-4C37-8CBE-6F53CEC3CEE5}"
EndProject
Project("{FAE04EC0-301F-11D3-BF4B-00C04F79EFBC}") = "CapaLogicaNegocios", "CapaLogicaNegocios\CapaLogicaNegocios.csproj", "{16A2A6C9-A325-4D11-A761-CC8368487EC0}"
EndProject
Global
	GlobalSection(SolutionConfigurationPlatforms) = preSolution
		Debug|Any CPU = Debug|Any CPU
		Release|Any CPU = Release|Any CPU
	EndGlobalSection
	GlobalSection(ProjectConfigurationPlatforms) = postSolution
		{EFE2C80A-717E-4466-907E-6B68D56EAB13}.Debug|Any CPU.ActiveCfg = Debug|Any CPU
		{EFE2C80A-717E-4466-907E-6B68D56EAB13}.Debug|Any CPU.Build.0 = Debug|Any CPU
		{EFE2C80A-717E-4466-907E-6B68D56EAB13}.Release|Any CPU.ActiveCfg = Release|Any CPU
		{EFE2C80A-717E-4466-907E-6B68D56EAB13}.Release|Any CPU.Build.0 = Release|Any CPU
		{7DFCCB8D-142B-41E7-BF96-B6CB8791551C}.Debug|Any CPU.ActiveCfg = Debug|Any CPU
		{7DFCCB8D-142B-41E7-BF96-B6CB8791551C}.Debug|Any CPU.Build.0 = Debug|Any CPU
		{7DFCCB8D-142B-41E7-BF96-B6CB8791551C}.Release|Any CPU.ActiveCfg = Release|Any CPU
		{7DFCCB8D-142B-41E7-BF96-B6CB8791551C}.Release|Any CPU.Build.0 = Release|Any CPU
		{45DB59B9-6FC1-4C37-8CBE-6F53CEC3CEE5}.Debug|Any CPU.ActiveCfg = Debug|Any CPU
		{45DB59B9-6FC1-4C37-8CBE-6F53CEC3CEE5}.Debug|Any CPU.Build.0 = Debug|Any CPU
		{45DB59B9-6FC1-4C37-8CBE-6F53CEC3CEE5}.Release|Any CPU.ActiveCfg = Release|Any CPU
		{45DB59B9-6FC1-4C37-8CBE-6F53CEC3CEE5}.Release|Any CPU.Build.0 = Release|Any CPU
		{16A2A6C9-A325-4D11-A761-CC8368487EC0}.Debug|Any CPU.ActiveCfg = Debug|Any CPU
		{16A2A6C9-A325-4D11-A761-CC8368487EC0}.Debug|Any CPU.Build.0 = Debug|Any CPU
		{16A2A6C9-A325-4D11-A761-CC8368487EC0}.Release|Any CPU.ActiveCfg = Release|Any CPU
		{16A2A6C9-A325-4D11-A761-CC8368487EC0}.Release|Any CPU.Build.0 = Release|Any CPU
	EndGlobalSection
	GlobalSection(SolutionProperties) = preSolution
		HideSolutionNode = FALSE
	EndGlobalSection
EndGlobal
