
Microsoft Visual Studio Solution File, Format Version 12.00
# Visual Studio 2013
VisualStudioVersion = 12.0.21005.1
MinimumVisualStudioVersion = 10.0.40219.1
Project("{FAE04EC0-301F-11D3-BF4B-00C04F79EFBC}") = "Calcula.dora", "Calcula.dora\Calcula.dora.csproj", "{BFBB1266-D374-4823-8629-55F268D4227B}"
EndProject
Global
	GlobalSection(SolutionConfigurationPlatforms) = preSolution
		Debug|Any CPU = Debug|Any CPU
		Release|Any CPU = Release|Any CPU
	EndGlobalSection
	GlobalSection(ProjectConfigurationPlatforms) = postSolution
		{BFBB1266-D374-4823-8629-55F268D4227B}.Debug|Any CPU.ActiveCfg = Debug|Any CPU
		{BFBB1266-D374-4823-8629-55F268D4227B}.Debug|Any CPU.Build.0 = Debug|Any CPU
		{BFBB1266-D374-4823-8629-55F268D4227B}.Release|Any CPU.ActiveCfg = Release|Any CPU
		{BFBB1266-D374-4823-8629-55F268D4227B}.Release|Any CPU.Build.0 = Release|Any CPU
	EndGlobalSection
	GlobalSection(SolutionProperties) = preSolution
		HideSolutionNode = FALSE
	EndGlobalSection
EndGlobal
