
Microsoft Visual Studio Solution File, Format Version 12.00
# Visual Studio 2013
VisualStudioVersion = 12.0.21005.1
MinimumVisualStudioVersion = 10.0.40219.1
Project("{FAE04EC0-301F-11D3-BF4B-00C04F79EFBC}") = "Conexion Bd entity", "Conexion Bd entity\Conexion Bd entity.csproj", "{9B3194CE-798B-4DFA-91C7-504E0EF3BA90}"
EndProject
Project("{FAE04EC0-301F-11D3-BF4B-00C04F79EFBC}") = "entity", "entity\entity.csproj", "{6B5C48B2-5D70-44A4-80B2-C9C708BBD583}"
EndProject
Project("{FAE04EC0-301F-11D3-BF4B-00C04F79EFBC}") = "entit", "entit\entit.csproj", "{FBBDFB5B-7336-48EC-8463-096B7727474C}"
EndProject
Global
	GlobalSection(SolutionConfigurationPlatforms) = preSolution
		Debug|Any CPU = Debug|Any CPU
		Release|Any CPU = Release|Any CPU
	EndGlobalSection
	GlobalSection(ProjectConfigurationPlatforms) = postSolution
		{9B3194CE-798B-4DFA-91C7-504E0EF3BA90}.Debug|Any CPU.ActiveCfg = Debug|Any CPU
		{9B3194CE-798B-4DFA-91C7-504E0EF3BA90}.Debug|Any CPU.Build.0 = Debug|Any CPU
		{9B3194CE-798B-4DFA-91C7-504E0EF3BA90}.Release|Any CPU.ActiveCfg = Release|Any CPU
		{9B3194CE-798B-4DFA-91C7-504E0EF3BA90}.Release|Any CPU.Build.0 = Release|Any CPU
		{6B5C48B2-5D70-44A4-80B2-C9C708BBD583}.Debug|Any CPU.ActiveCfg = Debug|Any CPU
		{6B5C48B2-5D70-44A4-80B2-C9C708BBD583}.Debug|Any CPU.Build.0 = Debug|Any CPU
		{6B5C48B2-5D70-44A4-80B2-C9C708BBD583}.Release|Any CPU.ActiveCfg = Release|Any CPU
		{6B5C48B2-5D70-44A4-80B2-C9C708BBD583}.Release|Any CPU.Build.0 = Release|Any CPU
		{FBBDFB5B-7336-48EC-8463-096B7727474C}.Debug|Any CPU.ActiveCfg = Debug|Any CPU
		{FBBDFB5B-7336-48EC-8463-096B7727474C}.Debug|Any CPU.Build.0 = Debug|Any CPU
		{FBBDFB5B-7336-48EC-8463-096B7727474C}.Release|Any CPU.ActiveCfg = Release|Any CPU
		{FBBDFB5B-7336-48EC-8463-096B7727474C}.Release|Any CPU.Build.0 = Release|Any CPU
	EndGlobalSection
	GlobalSection(SolutionProperties) = preSolution
		HideSolutionNode = FALSE
	EndGlobalSection
EndGlobal
