
Microsoft Visual Studio Solution File, Format Version 12.00
# Visual Studio 2013
VisualStudioVersion = 12.0.21005.1
MinimumVisualStudioVersion = 10.0.40219.1
Project("{FAE04EC0-301F-11D3-BF4B-00C04F79EFBC}") = "Iinsertar ,editar,borrar", "Iinsertar ,editar,borrar\Iinsertar ,editar,borrar.csproj", "{808016C9-2D00-43BA-A996-40F9C7C9B616}"
EndProject
Global
	GlobalSection(SolutionConfigurationPlatforms) = preSolution
		Debug|Any CPU = Debug|Any CPU
		Release|Any CPU = Release|Any CPU
	EndGlobalSection
	GlobalSection(ProjectConfigurationPlatforms) = postSolution
		{808016C9-2D00-43BA-A996-40F9C7C9B616}.Debug|Any CPU.ActiveCfg = Debug|Any CPU
		{808016C9-2D00-43BA-A996-40F9C7C9B616}.Debug|Any CPU.Build.0 = Debug|Any CPU
		{808016C9-2D00-43BA-A996-40F9C7C9B616}.Release|Any CPU.ActiveCfg = Release|Any CPU
		{808016C9-2D00-43BA-A996-40F9C7C9B616}.Release|Any CPU.Build.0 = Release|Any CPU
	EndGlobalSection
	GlobalSection(SolutionProperties) = preSolution
		HideSolutionNode = FALSE
	EndGlobalSection
EndGlobal
